
Microsoft Visual Studio Solution File, Format Version 12.00
# Visual Studio Version 16
VisualStudioVersion = 16.0.29911.84
MinimumVisualStudioVersion = 10.0.40219.1
Project("{FAE04EC0-301F-11D3-BF4B-00C04F79EFBC}") = "Server_PC", "Server_PC.csproj", "{E226D603-D689-4642-9C55-4236726B9833}"
EndProject
Global
	GlobalSection(SolutionConfigurationPlatforms) = preSolution
		Debug|Any CPU = Debug|Any CPU
		Release|Any CPU = Release|Any CPU
	EndGlobalSection
	GlobalSection(ProjectConfigurationPlatforms) = postSolution
		{E226D603-D689-4642-9C55-4236726B9833}.Debug|Any CPU.ActiveCfg = Debug|Any CPU
		{E226D603-D689-4642-9C55-4236726B9833}.Debug|Any CPU.Build.0 = Debug|Any CPU
		{E226D603-D689-4642-9C55-4236726B9833}.Release|Any CPU.ActiveCfg = Release|Any CPU
		{E226D603-D689-4642-9C55-4236726B9833}.Release|Any CPU.Build.0 = Release|Any CPU
	EndGlobalSection
	GlobalSection(SolutionProperties) = preSolution
		HideSolutionNode = FALSE
	EndGlobalSection
	GlobalSection(ExtensibilityGlobals) = postSolution
		SolutionGuid = {7630CBE0-A982-4D70-8612-C8C6F07489B6}
	EndGlobalSection
EndGlobal
